// !$*UTF8*$!
{
	archiveVersion = 1;
	classes = {
	};
	objectVersion = 56;
	objects = {

/* Begin PBXBuildFile section */
		0E1B53DC2BAF56FA00EF9697 /* AppDelegate.swift in Sources */ = {isa = PBXBuildFile; fileRef = 0E1B53DB2BAF56FA00EF9697 /* AppDelegate.swift */; };
		0E1B53DE2BAF56FA00EF9697 /* SceneDelegate.swift in Sources */ = {isa = PBXBuildFile; fileRef = 0E1B53DD2BAF56FA00EF9697 /* SceneDelegate.swift */; };
		0E1B53E52BAF56FC00EF9697 /* Images.xcassets in Resources */ = {isa = PBXBuildFile; fileRef = 0E1B53E42BAF56FC00EF9697 /* Images.xcassets */; };
		0E1B53E82BAF56FC00EF9697 /* Base in Resources */ = {isa = PBXBuildFile; fileRef = 0E1B53E72BAF56FC00EF9697 /* Base */; };
		0EA7EAC82BAFEF5C003ED20A /* Splash.storyboard in Resources */ = {isa = PBXBuildFile; fileRef = 0EA7EAC72BAFEF5C003ED20A /* Splash.storyboard */; };
		0EA7EACA2BAFF145003ED20A /* SplashViewController.swift in Sources */ = {isa = PBXBuildFile; fileRef = 0EA7EAC92BAFF145003ED20A /* SplashViewController.swift */; };
		0EA7EACD2BAFF20D003ED20A /* Lottie in Frameworks */ = {isa = PBXBuildFile; productRef = 0EA7EACC2BAFF20D003ED20A /* Lottie */; };
		0EA7EAD02BAFFCC8003ED20A /* LottieAnimation.xcassets in Resources */ = {isa = PBXBuildFile; fileRef = 0EA7EACF2BAFFCC8003ED20A /* LottieAnimation.xcassets */; };
		0EA7EAD22BAFFCD0003ED20A /* Colors.xcassets in Resources */ = {isa = PBXBuildFile; fileRef = 0EA7EAD12BAFFCD0003ED20A /* Colors.xcassets */; };
		0EA7EAD52BAFFEE1003ED20A /* OnboardingViewController.swift in Sources */ = {isa = PBXBuildFile; fileRef = 0EA7EAD42BAFFEE1003ED20A /* OnboardingViewController.swift */; };
		0EA7EAD72BAFFEEC003ED20A /* OnboardingContainerViewController.swift in Sources */ = {isa = PBXBuildFile; fileRef = 0EA7EAD62BAFFEEC003ED20A /* OnboardingContainerViewController.swift */; };
		0EA7EADA2BAFFFE2003ED20A /* Home.storyboard in Resources */ = {isa = PBXBuildFile; fileRef = 0EA7EAD92BAFFFE2003ED20A /* Home.storyboard */; };
		0EA7EADC2BAFFFEC003ED20A /* HomeViewController.swift in Sources */ = {isa = PBXBuildFile; fileRef = 0EA7EADB2BAFFFEC003ED20A /* HomeViewController.swift */; };
/* End PBXBuildFile section */

/* Begin PBXFileReference section */
		0E1B53D82BAF56FA00EF9697 /* Nostalgia.app */ = {isa = PBXFileReference; explicitFileType = wrapper.application; includeInIndex = 0; path = Nostalgia.app; sourceTree = BUILT_PRODUCTS_DIR; };
		0E1B53DB2BAF56FA00EF9697 /* AppDelegate.swift */ = {isa = PBXFileReference; lastKnownFileType = sourcecode.swift; path = AppDelegate.swift; sourceTree = "<group>"; };
		0E1B53DD2BAF56FA00EF9697 /* SceneDelegate.swift */ = {isa = PBXFileReference; lastKnownFileType = sourcecode.swift; path = SceneDelegate.swift; sourceTree = "<group>"; };
		0E1B53E42BAF56FC00EF9697 /* Images.xcassets */ = {isa = PBXFileReference; lastKnownFileType = folder.assetcatalog; path = Images.xcassets; sourceTree = "<group>"; };
		0E1B53E72BAF56FC00EF9697 /* Base */ = {isa = PBXFileReference; lastKnownFileType = file.storyboard; name = Base; path = Base.lproj/LaunchScreen.storyboard; sourceTree = "<group>"; };
		0E1B53E92BAF56FC00EF9697 /* Info.plist */ = {isa = PBXFileReference; lastKnownFileType = text.plist.xml; path = Info.plist; sourceTree = "<group>"; };
		0EA7EAC72BAFEF5C003ED20A /* Splash.storyboard */ = {isa = PBXFileReference; lastKnownFileType = file.storyboard; path = Splash.storyboard; sourceTree = "<group>"; };
		0EA7EAC92BAFF145003ED20A /* SplashViewController.swift */ = {isa = PBXFileReference; lastKnownFileType = sourcecode.swift; path = SplashViewController.swift; sourceTree = "<group>"; };
		0EA7EACF2BAFFCC8003ED20A /* LottieAnimation.xcassets */ = {isa = PBXFileReference; lastKnownFileType = folder.assetcatalog; path = LottieAnimation.xcassets; sourceTree = "<group>"; };
		0EA7EAD12BAFFCD0003ED20A /* Colors.xcassets */ = {isa = PBXFileReference; lastKnownFileType = folder.assetcatalog; path = Colors.xcassets; sourceTree = "<group>"; };
		0EA7EAD42BAFFEE1003ED20A /* OnboardingViewController.swift */ = {isa = PBXFileReference; lastKnownFileType = sourcecode.swift; path = OnboardingViewController.swift; sourceTree = "<group>"; };
		0EA7EAD62BAFFEEC003ED20A /* OnboardingContainerViewController.swift */ = {isa = PBXFileReference; lastKnownFileType = sourcecode.swift; path = OnboardingContainerViewController.swift; sourceTree = "<group>"; };
		0EA7EAD92BAFFFE2003ED20A /* Home.storyboard */ = {isa = PBXFileReference; lastKnownFileType = file.storyboard; path = Home.storyboard; sourceTree = "<group>"; };
		0EA7EADB2BAFFFEC003ED20A /* HomeViewController.swift */ = {isa = PBXFileReference; lastKnownFileType = sourcecode.swift; path = HomeViewController.swift; sourceTree = "<group>"; };
/* End PBXFileReference section */

/* Begin PBXFrameworksBuildPhase section */
		0E1B53D52BAF56FA00EF9697 /* Frameworks */ = {
			isa = PBXFrameworksBuildPhase;
			buildActionMask = 2147483647;
			files = (
				0EA7EACD2BAFF20D003ED20A /* Lottie in Frameworks */,
			);
			runOnlyForDeploymentPostprocessing = 0;
		};
/* End PBXFrameworksBuildPhase section */

/* Begin PBXGroup section */
		0E1B53CF2BAF56FA00EF9697 = {
			isa = PBXGroup;
			children = (
				0E1B53DA2BAF56FA00EF9697 /* Nostalgia */,
				0E1B53D92BAF56FA00EF9697 /* Products */,
			);
			sourceTree = "<group>";
		};
		0E1B53D92BAF56FA00EF9697 /* Products */ = {
			isa = PBXGroup;
			children = (
				0E1B53D82BAF56FA00EF9697 /* Nostalgia.app */,
			);
			name = Products;
			sourceTree = "<group>";
		};
		0E1B53DA2BAF56FA00EF9697 /* Nostalgia */ = {
			isa = PBXGroup;
			children = (
				0EA7EAC42BAFEA7B003ED20A /* Delegate */,
				0EA7EAC52BAFEA87003ED20A /* Components */,
				0EA7EACE2BAFFC91003ED20A /* DesignResource */,
				0E1B53E62BAF56FC00EF9697 /* LaunchScreen.storyboard */,
				0E1B53E92BAF56FC00EF9697 /* Info.plist */,
			);
			path = Nostalgia;
			sourceTree = "<group>";
		};
		0EA7EAC42BAFEA7B003ED20A /* Delegate */ = {
			isa = PBXGroup;
			children = (
				0E1B53DB2BAF56FA00EF9697 /* AppDelegate.swift */,
				0E1B53DD2BAF56FA00EF9697 /* SceneDelegate.swift */,
			);
			path = Delegate;
			sourceTree = "<group>";
		};
		0EA7EAC52BAFEA87003ED20A /* Components */ = {
			isa = PBXGroup;
			children = (
				0EA7EAC62BAFEEE6003ED20A /* Splash */,
				0EA7EAD32BAFFEC7003ED20A /* Onboarding */,
				0EA7EAD82BAFFFD1003ED20A /* Home */,
			);
			path = Components;
			sourceTree = "<group>";
		};
		0EA7EAC62BAFEEE6003ED20A /* Splash */ = {
			isa = PBXGroup;
			children = (
				0EA7EAC72BAFEF5C003ED20A /* Splash.storyboard */,
				0EA7EAC92BAFF145003ED20A /* SplashViewController.swift */,
			);
			path = Splash;
			sourceTree = "<group>";
		};
		0EA7EACE2BAFFC91003ED20A /* DesignResource */ = {
			isa = PBXGroup;
			children = (
				0E1B53E42BAF56FC00EF9697 /* Images.xcassets */,
				0EA7EAD12BAFFCD0003ED20A /* Colors.xcassets */,
				0EA7EACF2BAFFCC8003ED20A /* LottieAnimation.xcassets */,
			);
			path = DesignResource;
			sourceTree = "<group>";
		};
		0EA7EAD32BAFFEC7003ED20A /* Onboarding */ = {
			isa = PBXGroup;
			children = (
				0EA7EAD42BAFFEE1003ED20A /* OnboardingViewController.swift */,
				0EA7EAD62BAFFEEC003ED20A /* OnboardingContainerViewController.swift */,
			);
			path = Onboarding;
			sourceTree = "<group>";
		};
		0EA7EAD82BAFFFD1003ED20A /* Home */ = {
			isa = PBXGroup;
			children = (
				0EA7EAD92BAFFFE2003ED20A /* Home.storyboard */,
				0EA7EADB2BAFFFEC003ED20A /* HomeViewController.swift */,
			);
			path = Home;
			sourceTree = "<group>";
		};
/* End PBXGroup section */

/* Begin PBXNativeTarget section */
		0E1B53D72BAF56FA00EF9697 /* Nostalgia */ = {
			isa = PBXNativeTarget;
			buildConfigurationList = 0E1B53EC2BAF56FC00EF9697 /* Build configuration list for PBXNativeTarget "Nostalgia" */;
			buildPhases = (
				0E1B53D42BAF56FA00EF9697 /* Sources */,
				0E1B53D52BAF56FA00EF9697 /* Frameworks */,
				0E1B53D62BAF56FA00EF9697 /* Resources */,
			);
			buildRules = (
			);
			dependencies = (
			);
			name = Nostalgia;
			packageProductDependencies = (
				0EA7EACC2BAFF20D003ED20A /* Lottie */,
			);
			productName = Nostalgia;
			productReference = 0E1B53D82BAF56FA00EF9697 /* Nostalgia.app */;
			productType = "com.apple.product-type.application";
		};
/* End PBXNativeTarget section */

/* Begin PBXProject section */
		0E1B53D02BAF56FA00EF9697 /* Project object */ = {
			isa = PBXProject;
			attributes = {
				BuildIndependentTargetsInParallel = 1;
				LastSwiftUpdateCheck = 1530;
				LastUpgradeCheck = 1530;
				TargetAttributes = {
					0E1B53D72BAF56FA00EF9697 = {
						CreatedOnToolsVersion = 15.3;
					};
				};
			};
			buildConfigurationList = 0E1B53D32BAF56FA00EF9697 /* Build configuration list for PBXProject "Nostalgia" */;
			compatibilityVersion = "Xcode 14.0";
			developmentRegion = en;
			hasScannedForEncodings = 0;
			knownRegions = (
				en,
				Base,
			);
			mainGroup = 0E1B53CF2BAF56FA00EF9697;
			packageReferences = (
				0EA7EACB2BAFF20D003ED20A /* XCRemoteSwiftPackageReference "lottie-ios" */,
			);
			productRefGroup = 0E1B53D92BAF56FA00EF9697 /* Products */;
			projectDirPath = "";
			projectRoot = "";
			targets = (
				0E1B53D72BAF56FA00EF9697 /* Nostalgia */,
			);
		};
/* End PBXProject section */

/* Begin PBXResourcesBuildPhase section */
		0E1B53D62BAF56FA00EF9697 /* Resources */ = {
			isa = PBXResourcesBuildPhase;
			buildActionMask = 2147483647;
			files = (
				0EA7EAD22BAFFCD0003ED20A /* Colors.xcassets in Resources */,
				0E1B53E52BAF56FC00EF9697 /* Images.xcassets in Resources */,
				0EA7EAD02BAFFCC8003ED20A /* LottieAnimation.xcassets in Resources */,
				0EA7EADA2BAFFFE2003ED20A /* Home.storyboard in Resources */,
				0E1B53E82BAF56FC00EF9697 /* Base in Resources */,
				0EA7EAC82BAFEF5C003ED20A /* Splash.storyboard in Resources */,
			);
			runOnlyForDeploymentPostprocessing = 0;
		};
/* End PBXResourcesBuildPhase section */

/* Begin PBXSourcesBuildPhase section */
		0E1B53D42BAF56FA00EF9697 /* Sources */ = {
			isa = PBXSourcesBuildPhase;
			buildActionMask = 2147483647;
			files = (
				0EA7EACA2BAFF145003ED20A /* SplashViewController.swift in Sources */,
				0E1B53DC2BAF56FA00EF9697 /* AppDelegate.swift in Sources */,
				0E1B53DE2BAF56FA00EF9697 /* SceneDelegate.swift in Sources */,
				0EA7EAD72BAFFEEC003ED20A /* OnboardingContainerViewController.swift in Sources */,
				0EA7EAD52BAFFEE1003ED20A /* OnboardingViewController.swift in Sources */,
				0EA7EADC2BAFFFEC003ED20A /* HomeViewController.swift in Sources */,
			);
			runOnlyForDeploymentPostprocessing = 0;
		};
/* End PBXSourcesBuildPhase section */

/* Begin PBXVariantGroup section */
		0E1B53E62BAF56FC00EF9697 /* LaunchScreen.storyboard */ = {
			isa = PBXVariantGroup;
			children = (
				0E1B53E72BAF56FC00EF9697 /* Base */,
			);
			name = LaunchScreen.storyboard;
			sourceTree = "<group>";
		};
/* End PBXVariantGroup section */

/* Begin XCBuildConfiguration section */
		0E1B53EA2BAF56FC00EF9697 /* Debug */ = {
			isa = XCBuildConfiguration;
			buildSettings = {
				ALWAYS_SEARCH_USER_PATHS = NO;
				ASSETCATALOG_COMPILER_GENERATE_SWIFT_ASSET_SYMBOL_EXTENSIONS = YES;
				CLANG_ANALYZER_NONNULL = YES;
				CLANG_ANALYZER_NUMBER_OBJECT_CONVERSION = YES_AGGRESSIVE;
				CLANG_CXX_LANGUAGE_STANDARD = "gnu++20";
				CLANG_ENABLE_MODULES = YES;
				CLANG_ENABLE_OBJC_ARC = YES;
				CLANG_ENABLE_OBJC_WEAK = YES;
				CLANG_WARN_BLOCK_CAPTURE_AUTORELEASING = YES;
				CLANG_WARN_BOOL_CONVERSION = YES;
				CLANG_WARN_COMMA = YES;
				CLANG_WARN_CONSTANT_CONVERSION = YES;
				CLANG_WARN_DEPRECATED_OBJC_IMPLEMENTATIONS = YES;
				CLANG_WARN_DIRECT_OBJC_ISA_USAGE = YES_ERROR;
				CLANG_WARN_DOCUMENTATION_COMMENTS = YES;
				CLANG_WARN_EMPTY_BODY = YES;
				CLANG_WARN_ENUM_CONVERSION = YES;
				CLANG_WARN_INFINITE_RECURSION = YES;
				CLANG_WARN_INT_CONVERSION = YES;
				CLANG_WARN_NON_LITERAL_NULL_CONVERSION = YES;
				CLANG_WARN_OBJC_IMPLICIT_RETAIN_SELF = YES;
				CLANG_WARN_OBJC_LITERAL_CONVERSION = YES;
				CLANG_WARN_OBJC_ROOT_CLASS = YES_ERROR;
				CLANG_WARN_QUOTED_INCLUDE_IN_FRAMEWORK_HEADER = YES;
				CLANG_WARN_RANGE_LOOP_ANALYSIS = YES;
				CLANG_WARN_STRICT_PROTOTYPES = YES;
				CLANG_WARN_SUSPICIOUS_MOVE = YES;
				CLANG_WARN_UNGUARDED_AVAILABILITY = YES_AGGRESSIVE;
				CLANG_WARN_UNREACHABLE_CODE = YES;
				CLANG_WARN__DUPLICATE_METHOD_MATCH = YES;
				COPY_PHASE_STRIP = NO;
				DEBUG_INFORMATION_FORMAT = dwarf;
				ENABLE_STRICT_OBJC_MSGSEND = YES;
				ENABLE_TESTABILITY = YES;
				ENABLE_USER_SCRIPT_SANDBOXING = YES;
				GCC_C_LANGUAGE_STANDARD = gnu17;
				GCC_DYNAMIC_NO_PIC = NO;
				GCC_NO_COMMON_BLOCKS = YES;
				GCC_OPTIMIZATION_LEVEL = 0;
				GCC_PREPROCESSOR_DEFINITIONS = (
					"DEBUG=1",
					"$(inherited)",
				);
				GCC_WARN_64_TO_32_BIT_CONVERSION = YES;
				GCC_WARN_ABOUT_RETURN_TYPE = YES_ERROR;
				GCC_WARN_UNDECLARED_SELECTOR = YES;
				GCC_WARN_UNINITIALIZED_AUTOS = YES_AGGRESSIVE;
				GCC_WARN_UNUSED_FUNCTION = YES;
				GCC_WARN_UNUSED_VARIABLE = YES;
				IPHONEOS_DEPLOYMENT_TARGET = 17.4;
				LOCALIZATION_PREFERS_STRING_CATALOGS = YES;
				MTL_ENABLE_DEBUG_INFO = INCLUDE_SOURCE;
				MTL_FAST_MATH = YES;
				ONLY_ACTIVE_ARCH = YES;
				SDKROOT = iphoneos;
				SWIFT_ACTIVE_COMPILATION_CONDITIONS = "DEBUG $(inherited)";
				SWIFT_OPTIMIZATION_LEVEL = "-Onone";
			};
			name = Debug;
		};
		0E1B53EB2BAF56FC00EF9697 /* Release */ = {
			isa = XCBuildConfiguration;
			buildSettings = {
				ALWAYS_SEARCH_USER_PATHS = NO;
				ASSETCATALOG_COMPILER_GENERATE_SWIFT_ASSET_SYMBOL_EXTENSIONS = YES;
				CLANG_ANALYZER_NONNULL = YES;
				CLANG_ANALYZER_NUMBER_OBJECT_CONVERSION = YES_AGGRESSIVE;
				CLANG_CXX_LANGUAGE_STANDARD = "gnu++20";
				CLANG_ENABLE_MODULES = YES;
				CLANG_ENABLE_OBJC_ARC = YES;
				CLANG_ENABLE_OBJC_WEAK = YES;
				CLANG_WARN_BLOCK_CAPTURE_AUTORELEASING = YES;
				CLANG_WARN_BOOL_CONVERSION = YES;
				CLANG_WARN_COMMA = YES;
				CLANG_WARN_CONSTANT_CONVERSION = YES;
				CLANG_WARN_DEPRECATED_OBJC_IMPLEMENTATIONS = YES;
				CLANG_WARN_DIRECT_OBJC_ISA_USAGE = YES_ERROR;
				CLANG_WARN_DOCUMENTATION_COMMENTS = YES;
				CLANG_WARN_EMPTY_BODY = YES;
				CLANG_WARN_ENUM_CONVERSION = YES;
				CLANG_WARN_INFINITE_RECURSION = YES;
				CLANG_WARN_INT_CONVERSION = YES;
				CLANG_WARN_NON_LITERAL_NULL_CONVERSION = YES;
				CLANG_WARN_OBJC_IMPLICIT_RETAIN_SELF = YES;
				CLANG_WARN_OBJC_LITERAL_CONVERSION = YES;
				CLANG_WARN_OBJC_ROOT_CLASS = YES_ERROR;
				CLANG_WARN_QUOTED_INCLUDE_IN_FRAMEWORK_HEADER = YES;
				CLANG_WARN_RANGE_LOOP_ANALYSIS = YES;
				CLANG_WARN_STRICT_PROTOTYPES = YES;
				CLANG_WARN_SUSPICIOUS_MOVE = YES;
				CLANG_WARN_UNGUARDED_AVAILABILITY = YES_AGGRESSIVE;
				CLANG_WARN_UNREACHABLE_CODE = YES;
				CLANG_WARN__DUPLICATE_METHOD_MATCH = YES;
				COPY_PHASE_STRIP = NO;
				DEBUG_INFORMATION_FORMAT = "dwarf-with-dsym";
				ENABLE_NS_ASSERTIONS = NO;
				ENABLE_STRICT_OBJC_MSGSEND = YES;
				ENABLE_USER_SCRIPT_SANDBOXING = YES;
				GCC_C_LANGUAGE_STANDARD = gnu17;
				GCC_NO_COMMON_BLOCKS = YES;
				GCC_WARN_64_TO_32_BIT_CONVERSION = YES;
				GCC_WARN_ABOUT_RETURN_TYPE = YES_ERROR;
				GCC_WARN_UNDECLARED_SELECTOR = YES;
				GCC_WARN_UNINITIALIZED_AUTOS = YES_AGGRESSIVE;
				GCC_WARN_UNUSED_FUNCTION = YES;
				GCC_WARN_UNUSED_VARIABLE = YES;
				IPHONEOS_DEPLOYMENT_TARGET = 17.4;
				LOCALIZATION_PREFERS_STRING_CATALOGS = YES;
				MTL_ENABLE_DEBUG_INFO = NO;
				MTL_FAST_MATH = YES;
				SDKROOT = iphoneos;
				SWIFT_COMPILATION_MODE = wholemodule;
				VALIDATE_PRODUCT = YES;
			};
			name = Release;
		};
		0E1B53ED2BAF56FC00EF9697 /* Debug */ = {
			isa = XCBuildConfiguration;
			buildSettings = {
				ASSETCATALOG_COMPILER_APPICON_NAME = AppIcon;
				ASSETCATALOG_COMPILER_GLOBAL_ACCENT_COLOR_NAME = AccentColor;
				CODE_SIGN_STYLE = Automatic;
				CURRENT_PROJECT_VERSION = 1;
				DEVELOPMENT_TEAM = U5N99RCS73;
				GENERATE_INFOPLIST_FILE = YES;
				INFOPLIST_FILE = Nostalgia/Info.plist;
				INFOPLIST_KEY_UIApplicationSupportsIndirectInputEvents = YES;
				INFOPLIST_KEY_UILaunchStoryboardName = LaunchScreen;
				INFOPLIST_KEY_UIMainStoryboardFile = Splash;
				INFOPLIST_KEY_UISupportedInterfaceOrientations_iPad = "UIInterfaceOrientationPortrait UIInterfaceOrientationPortraitUpsideDown UIInterfaceOrientationLandscapeLeft UIInterfaceOrientationLandscapeRight";
				INFOPLIST_KEY_UISupportedInterfaceOrientations_iPhone = "UIInterfaceOrientationPortrait UIInterfaceOrientationLandscapeLeft UIInterfaceOrientationLandscapeRight";
				LD_RUNPATH_SEARCH_PATHS = (
					"$(inherited)",
					"@executable_path/Frameworks",
				);
				MARKETING_VERSION = 1.0;
				PRODUCT_BUNDLE_IDENTIFIER = kj.Nostalgia;
				PRODUCT_NAME = "$(TARGET_NAME)";
				SWIFT_EMIT_LOC_STRINGS = YES;
				SWIFT_VERSION = 5.0;
				TARGETED_DEVICE_FAMILY = "1,2";
			};
			name = Debug;
		};
		0E1B53EE2BAF56FC00EF9697 /* Release */ = {
			isa = XCBuildConfiguration;
			buildSettings = {
				ASSETCATALOG_COMPILER_APPICON_NAME = AppIcon;
				ASSETCATALOG_COMPILER_GLOBAL_ACCENT_COLOR_NAME = AccentColor;
				CODE_SIGN_STYLE = Automatic;
				CURRENT_PROJECT_VERSION = 1;
				DEVELOPMENT_TEAM = U5N99RCS73;
				GENERATE_INFOPLIST_FILE = YES;
				INFOPLIST_FILE = Nostalgia/Info.plist;
				INFOPLIST_KEY_UIApplicationSupportsIndirectInputEvents = YES;
				INFOPLIST_KEY_UILaunchStoryboardName = LaunchScreen;
				INFOPLIST_KEY_UIMainStoryboardFile = Splash;
				INFOPLIST_KEY_UISupportedInterfaceOrientations_iPad = "UIInterfaceOrientationPortrait UIInterfaceOrientationPortraitUpsideDown UIInterfaceOrientationLandscapeLeft UIInterfaceOrientationLandscapeRight";
				INFOPLIST_KEY_UISupportedInterfaceOrientations_iPhone = "UIInterfaceOrientationPortrait UIInterfaceOrientationLandscapeLeft UIInterfaceOrientationLandscapeRight";
				LD_RUNPATH_SEARCH_PATHS = (
					"$(inherited)",
					"@executable_path/Frameworks",
				);
				MARKETING_VERSION = 1.0;
				PRODUCT_BUNDLE_IDENTIFIER = kj.Nostalgia;
				PRODUCT_NAME = "$(TARGET_NAME)";
				SWIFT_EMIT_LOC_STRINGS = YES;
				SWIFT_VERSION = 5.0;
				TARGETED_DEVICE_FAMILY = "1,2";
			};
			name = Release;
		};
/* End XCBuildConfiguration section */

/* Begin XCConfigurationList section */
		0E1B53D32BAF56FA00EF9697 /* Build configuration list for PBXProject "Nostalgia" */ = {
			isa = XCConfigurationList;
			buildConfigurations = (
				0E1B53EA2BAF56FC00EF9697 /* Debug */,
				0E1B53EB2BAF56FC00EF9697 /* Release */,
			);
			defaultConfigurationIsVisible = 0;
			defaultConfigurationName = Release;
		};
		0E1B53EC2BAF56FC00EF9697 /* Build configuration list for PBXNativeTarget "Nostalgia" */ = {
			isa = XCConfigurationList;
			buildConfigurations = (
				0E1B53ED2BAF56FC00EF9697 /* Debug */,
				0E1B53EE2BAF56FC00EF9697 /* Release */,
			);
			defaultConfigurationIsVisible = 0;
			defaultConfigurationName = Release;
		};
/* End XCConfigurationList section */

/* Begin XCRemoteSwiftPackageReference section */
		0EA7EACB2BAFF20D003ED20A /* XCRemoteSwiftPackageReference "lottie-ios" */ = {
			isa = XCRemoteSwiftPackageReference;
			repositoryURL = "https://github.com/airbnb/lottie-ios.git";
			requirement = {
				kind = upToNextMajorVersion;
				minimumVersion = 4.4.1;
			};
		};
/* End XCRemoteSwiftPackageReference section */

/* Begin XCSwiftPackageProductDependency section */
		0EA7EACC2BAFF20D003ED20A /* Lottie */ = {
			isa = XCSwiftPackageProductDependency;
			package = 0EA7EACB2BAFF20D003ED20A /* XCRemoteSwiftPackageReference "lottie-ios" */;
			productName = Lottie;
		};
/* End XCSwiftPackageProductDependency section */
	};
	rootObject = 0E1B53D02BAF56FA00EF9697 /* Project object */;
}
